
Microsoft Visual Studio Solution File, Format Version 12.00
# Visual Studio Version 17
VisualStudioVersion = 17.13.35931.197 d17.13
MinimumVisualStudioVersion = 10.0.40219.1
Project("{2150E333-8FDC-42A3-9474-1A3956D46DE8}") = "src", "src", "{02EA681E-C7D8-13C7-8484-4AC65E1B71E8}"
EndProject
Project("{2150E333-8FDC-42A3-9474-1A3956D46DE8}") = "tests", "tests", "{ABB472EA-724B-4901-B990-CADCCBE249A1}"
EndProject
Project("{FAE04EC0-301F-11D3-BF4B-00C04F79EFBC}") = "HubPixel.UnitTests", "tests\HubPixel.UnitTests\HubPixel.UnitTests.csproj", "{00488132-302B-4A60-B117-4EA4991267BD}"
EndProject
Project("{FAE04EC0-301F-11D3-BF4B-00C04F79EFBC}") = "HubPixel.Domain", "src\HubPixel.Domain\HubPixel.Domain.csproj", "{EEB3245F-E817-4E43-B5DB-D90B4EEB9727}"
EndProject
Global
	GlobalSection(SolutionConfigurationPlatforms) = preSolution
		Debug|Any CPU = Debug|Any CPU
		Release|Any CPU = Release|Any CPU
	EndGlobalSection
	GlobalSection(ProjectConfigurationPlatforms) = postSolution
		{00488132-302B-4A60-B117-4EA4991267BD}.Debug|Any CPU.ActiveCfg = Debug|Any CPU
		{00488132-302B-4A60-B117-4EA4991267BD}.Debug|Any CPU.Build.0 = Debug|Any CPU
		{00488132-302B-4A60-B117-4EA4991267BD}.Release|Any CPU.ActiveCfg = Release|Any CPU
		{00488132-302B-4A60-B117-4EA4991267BD}.Release|Any CPU.Build.0 = Release|Any CPU
		{EEB3245F-E817-4E43-B5DB-D90B4EEB9727}.Debug|Any CPU.ActiveCfg = Debug|Any CPU
		{EEB3245F-E817-4E43-B5DB-D90B4EEB9727}.Debug|Any CPU.Build.0 = Debug|Any CPU
		{EEB3245F-E817-4E43-B5DB-D90B4EEB9727}.Release|Any CPU.ActiveCfg = Release|Any CPU
		{EEB3245F-E817-4E43-B5DB-D90B4EEB9727}.Release|Any CPU.Build.0 = Release|Any CPU
	EndGlobalSection
	GlobalSection(SolutionProperties) = preSolution
		HideSolutionNode = FALSE
	EndGlobalSection
	GlobalSection(NestedProjects) = preSolution
		{00488132-302B-4A60-B117-4EA4991267BD} = {ABB472EA-724B-4901-B990-CADCCBE249A1}
		{EEB3245F-E817-4E43-B5DB-D90B4EEB9727} = {02EA681E-C7D8-13C7-8484-4AC65E1B71E8}
	EndGlobalSection
	GlobalSection(ExtensibilityGlobals) = postSolution
		SolutionGuid = {7F71AEA9-FB7B-41C4-9278-130172CFB6A5}
	EndGlobalSection
EndGlobal
